// !$*UTF8*$!
{
	archiveVersion = 1;
	classes = {
	};
	objectVersion = 46;
	objects = {

/* Begin PBXBuildFile section */
		C5AF81511D706A150080D319 /* main.m in Sources */ = {isa = PBXBuildFile; fileRef = C5AF81501D706A150080D319 /* main.m */; };
		C5AF81541D706A150080D319 /* AppDelegate.m in Sources */ = {isa = PBXBuildFile; fileRef = C5AF81531D706A150080D319 /* AppDelegate.m */; };
		C5AF81571D706A150080D319 /* ViewController.m in Sources */ = {isa = PBXBuildFile; fileRef = C5AF81561D706A150080D319 /* ViewController.m */; };
		C5AF815A1D706A150080D319 /* Main.storyboard in Resources */ = {isa = PBXBuildFile; fileRef = C5AF81581D706A150080D319 /* Main.storyboard */; };
		C5AF815C1D706A150080D319 /* Assets.xcassets in Resources */ = {isa = PBXBuildFile; fileRef = C5AF815B1D706A150080D319 /* Assets.xcassets */; };
		C5AF815F1D706A150080D319 /* LaunchScreen.storyboard in Resources */ = {isa = PBXBuildFile; fileRef = C5AF815D1D706A150080D319 /* LaunchScreen.storyboard */; };
		C5AF816A1D706A160080D319 /* JWTaggedScrollViewTests.m in Sources */ = {isa = PBXBuildFile; fileRef = C5AF81691D706A160080D319 /* JWTaggedScrollViewTests.m */; };
		C5AF81751D706A160080D319 /* JWTaggedScrollViewUITests.m in Sources */ = {isa = PBXBuildFile; fileRef = C5AF81741D706A160080D319 /* JWTaggedScrollViewUITests.m */; };
		C5AF81881D706BA70080D319 /* JWTaggedScrollView.m in Sources */ = {isa = PBXBuildFile; fileRef = C5AF81871D706BA70080D319 /* JWTaggedScrollView.m */; };
/* End PBXBuildFile section */

/* Begin PBXContainerItemProxy section */
		C5AF81661D706A160080D319 /* PBXContainerItemProxy */ = {
			isa = PBXContainerItemProxy;
			containerPortal = C5AF81441D706A150080D319 /* Project object */;
			proxyType = 1;
			remoteGlobalIDString = C5AF814B1D706A150080D319;
			remoteInfo = JWTaggedScrollView;
		};
		C5AF81711D706A160080D319 /* PBXContainerItemProxy */ = {
			isa = PBXContainerItemProxy;
			containerPortal = C5AF81441D706A150080D319 /* Project object */;
			proxyType = 1;
			remoteGlobalIDString = C5AF814B1D706A150080D319;
			remoteInfo = JWTaggedScrollView;
		};
/* End PBXContainerItemProxy section */

/* Begin PBXFileReference section */
		C5AF814C1D706A150080D319 /* JWTaggedScrollView.app */ = {isa = PBXFileReference; explicitFileType = wrapper.application; includeInIndex = 0; path = JWTaggedScrollView.app; sourceTree = BUILT_PRODUCTS_DIR; };
		C5AF81501D706A150080D319 /* main.m */ = {isa = PBXFileReference; lastKnownFileType = sourcecode.c.objc; path = main.m; sourceTree = "<group>"; };
		C5AF81521D706A150080D319 /* AppDelegate.h */ = {isa = PBXFileReference; lastKnownFileType = sourcecode.c.h; path = AppDelegate.h; sourceTree = "<group>"; };
		C5AF81531D706A150080D319 /* AppDelegate.m */ = {isa = PBXFileReference; lastKnownFileType = sourcecode.c.objc; path = AppDelegate.m; sourceTree = "<group>"; };
		C5AF81551D706A150080D319 /* ViewController.h */ = {isa = PBXFileReference; lastKnownFileType = sourcecode.c.h; path = ViewController.h; sourceTree = "<group>"; };
		C5AF81561D706A150080D319 /* ViewController.m */ = {isa = PBXFileReference; lastKnownFileType = sourcecode.c.objc; path = ViewController.m; sourceTree = "<group>"; };
		C5AF81591D706A150080D319 /* Base */ = {isa = PBXFileReference; lastKnownFileType = file.storyboard; name = Base; path = Base.lproj/Main.storyboard; sourceTree = "<group>"; };
		C5AF815B1D706A150080D319 /* Assets.xcassets */ = {isa = PBXFileReference; lastKnownFileType = folder.assetcatalog; path = Assets.xcassets; sourceTree = "<group>"; };
		C5AF815E1D706A150080D319 /* Base */ = {isa = PBXFileReference; lastKnownFileType = file.storyboard; name = Base; path = Base.lproj/LaunchScreen.storyboard; sourceTree = "<group>"; };
		C5AF81601D706A150080D319 /* Info.plist */ = {isa = PBXFileReference; lastKnownFileType = text.plist.xml; path = Info.plist; sourceTree = "<group>"; };
		C5AF81651D706A160080D319 /* JWTaggedScrollViewTests.xctest */ = {isa = PBXFileReference; explicitFileType = wrapper.cfbundle; includeInIndex = 0; path = JWTaggedScrollViewTests.xctest; sourceTree = BUILT_PRODUCTS_DIR; };
		C5AF81691D706A160080D319 /* JWTaggedScrollViewTests.m */ = {isa = PBXFileReference; lastKnownFileType = sourcecode.c.objc; path = JWTaggedScrollViewTests.m; sourceTree = "<group>"; };
		C5AF816B1D706A160080D319 /* Info.plist */ = {isa = PBXFileReference; lastKnownFileType = text.plist.xml; path = Info.plist; sourceTree = "<group>"; };
		C5AF81701D706A160080D319 /* JWTaggedScrollViewUITests.xctest */ = {isa = PBXFileReference; explicitFileType = wrapper.cfbundle; includeInIndex = 0; path = JWTaggedScrollViewUITests.xctest; sourceTree = BUILT_PRODUCTS_DIR; };
		C5AF81741D706A160080D319 /* JWTaggedScrollViewUITests.m */ = {isa = PBXFileReference; lastKnownFileType = sourcecode.c.objc; path = JWTaggedScrollViewUITests.m; sourceTree = "<group>"; };
		C5AF81761D706A160080D319 /* Info.plist */ = {isa = PBXFileReference; lastKnownFileType = text.plist.xml; path = Info.plist; sourceTree = "<group>"; };
		C5AF81861D706BA70080D319 /* JWTaggedScrollView.h */ = {isa = PBXFileReference; fileEncoding = 4; lastKnownFileType = sourcecode.c.h; name = JWTaggedScrollView.h; path = TaggedScrollView/JWTaggedScrollView.h; sourceTree = "<group>"; };
		C5AF81871D706BA70080D319 /* JWTaggedScrollView.m */ = {isa = PBXFileReference; fileEncoding = 4; lastKnownFileType = sourcecode.c.objc; name = JWTaggedScrollView.m; path = TaggedScrollView/JWTaggedScrollView.m; sourceTree = "<group>"; };
/* End PBXFileReference section */

/* Begin PBXFrameworksBuildPhase section */
		C5AF81491D706A150080D319 /* Frameworks */ = {
			isa = PBXFrameworksBuildPhase;
			buildActionMask = 2147483647;
			files = (
			);
			runOnlyForDeploymentPostprocessing = 0;
		};
		C5AF81621D706A160080D319 /* Frameworks */ = {
			isa = PBXFrameworksBuildPhase;
			buildActionMask = 2147483647;
			files = (
			);
			runOnlyForDeploymentPostprocessing = 0;
		};
		C5AF816D1D706A160080D319 /* Frameworks */ = {
			isa = PBXFrameworksBuildPhase;
			buildActionMask = 2147483647;
			files = (
			);
			runOnlyForDeploymentPostprocessing = 0;
		};
/* End PBXFrameworksBuildPhase section */

/* Begin PBXGroup section */
		C5AF81431D706A150080D319 = {
			isa = PBXGroup;
			children = (
				C5AF814E1D706A150080D319 /* JWTaggedScrollView */,
				C5AF81681D706A160080D319 /* JWTaggedScrollViewTests */,
				C5AF81731D706A160080D319 /* JWTaggedScrollViewUITests */,
				C5AF814D1D706A150080D319 /* Products */,
			);
			sourceTree = "<group>";
		};
		C5AF814D1D706A150080D319 /* Products */ = {
			isa = PBXGroup;
			children = (
				C5AF814C1D706A150080D319 /* JWTaggedScrollView.app */,
				C5AF81651D706A160080D319 /* JWTaggedScrollViewTests.xctest */,
				C5AF81701D706A160080D319 /* JWTaggedScrollViewUITests.xctest */,
			);
			name = Products;
			sourceTree = "<group>";
		};
		C5AF814E1D706A150080D319 /* JWTaggedScrollView */ = {
			isa = PBXGroup;
			children = (
				C5AF81821D706A2B0080D319 /* TaggedScrollVIew */,
				C5AF81551D706A150080D319 /* ViewController.h */,
				C5AF81561D706A150080D319 /* ViewController.m */,
				C5AF81581D706A150080D319 /* Main.storyboard */,
				C5AF814F1D706A150080D319 /* Supporting Files */,
			);
			path = JWTaggedScrollView;
			sourceTree = "<group>";
		};
		C5AF814F1D706A150080D319 /* Supporting Files */ = {
			isa = PBXGroup;
			children = (
				C5AF81521D706A150080D319 /* AppDelegate.h */,
				C5AF81531D706A150080D319 /* AppDelegate.m */,
				C5AF815B1D706A150080D319 /* Assets.xcassets */,
				C5AF815D1D706A150080D319 /* LaunchScreen.storyboard */,
				C5AF81601D706A150080D319 /* Info.plist */,
				C5AF81501D706A150080D319 /* main.m */,
			);
			name = "Supporting Files";
			sourceTree = "<group>";
		};
		C5AF81681D706A160080D319 /* JWTaggedScrollViewTests */ = {
			isa = PBXGroup;
			children = (
				C5AF81691D706A160080D319 /* JWTaggedScrollViewTests.m */,
				C5AF816B1D706A160080D319 /* Info.plist */,
			);
			path = JWTaggedScrollViewTests;
			sourceTree = "<group>";
		};
		C5AF81731D706A160080D319 /* JWTaggedScrollViewUITests */ = {
			isa = PBXGroup;
			children = (
				C5AF81741D706A160080D319 /* JWTaggedScrollViewUITests.m */,
				C5AF81761D706A160080D319 /* Info.plist */,
			);
			path = JWTaggedScrollViewUITests;
			sourceTree = "<group>";
		};
		C5AF81821D706A2B0080D319 /* TaggedScrollVIew */ = {
			isa = PBXGroup;
			children = (
				C5AF81861D706BA70080D319 /* JWTaggedScrollView.h */,
				C5AF81871D706BA70080D319 /* JWTaggedScrollView.m */,
			);
			name = TaggedScrollVIew;
			sourceTree = "<group>";
		};
/* End PBXGroup section */

/* Begin PBXNativeTarget section */
		C5AF814B1D706A150080D319 /* JWTaggedScrollView */ = {
			isa = PBXNativeTarget;
			buildConfigurationList = C5AF81791D706A160080D319 /* Build configuration list for PBXNativeTarget "JWTaggedScrollView" */;
			buildPhases = (
				C5AF81481D706A150080D319 /* Sources */,
				C5AF81491D706A150080D319 /* Frameworks */,
				C5AF814A1D706A150080D319 /* Resources */,
			);
			buildRules = (
			);
			dependencies = (
			);
			name = JWTaggedScrollView;
			productName = JWTaggedScrollView;
			productReference = C5AF814C1D706A150080D319 /* JWTaggedScrollView.app */;
			productType = "com.apple.product-type.application";
		};
		C5AF81641D706A160080D319 /* JWTaggedScrollViewTests */ = {
			isa = PBXNativeTarget;
			buildConfigurationList = C5AF817C1D706A160080D319 /* Build configuration list for PBXNativeTarget "JWTaggedScrollViewTests" */;
			buildPhases = (
				C5AF81611D706A160080D319 /* Sources */,
				C5AF81621D706A160080D319 /* Frameworks */,
				C5AF81631D706A160080D319 /* Resources */,
			);
			buildRules = (
			);
			dependencies = (
				C5AF81671D706A160080D319 /* PBXTargetDependency */,
			);
			name = JWTaggedScrollViewTests;
			productName = JWTaggedScrollViewTests;
			productReference = C5AF81651D706A160080D319 /* JWTaggedScrollViewTests.xctest */;
			productType = "com.apple.product-type.bundle.unit-test";
		};
		C5AF816F1D706A160080D319 /* JWTaggedScrollViewUITests */ = {
			isa = PBXNativeTarget;
			buildConfigurationList = C5AF817F1D706A160080D319 /* Build configuration list for PBXNativeTarget "JWTaggedScrollViewUITests" */;
			buildPhases = (
				C5AF816C1D706A160080D319 /* Sources */,
				C5AF816D1D706A160080D319 /* Frameworks */,
				C5AF816E1D706A160080D319 /* Resources */,
			);
			buildRules = (
			);
			dependencies = (
				C5AF81721D706A160080D319 /* PBXTargetDependency */,
			);
			name = JWTaggedScrollViewUITests;
			productName = JWTaggedScrollViewUITests;
			productReference = C5AF81701D706A160080D319 /* JWTaggedScrollViewUITests.xctest */;
			productType = "com.apple.product-type.bundle.ui-testing";
		};
/* End PBXNativeTarget section */

/* Begin PBXProject section */
		C5AF81441D706A150080D319 /* Project object */ = {
			isa = PBXProject;
			attributes = {
				CLASSPREFIX = JW;
				LastUpgradeCheck = 0730;
				ORGANIZATIONNAME = huangjw;
				TargetAttributes = {
					C5AF814B1D706A150080D319 = {
						CreatedOnToolsVersion = 7.3.1;
						DevelopmentTeam = JXJ9ZF6R76;
					};
					C5AF81641D706A160080D319 = {
						CreatedOnToolsVersion = 7.3.1;
						TestTargetID = C5AF814B1D706A150080D319;
					};
					C5AF816F1D706A160080D319 = {
						CreatedOnToolsVersion = 7.3.1;
						TestTargetID = C5AF814B1D706A150080D319;
					};
				};
			};
			buildConfigurationList = C5AF81471D706A150080D319 /* Build configuration list for PBXProject "JWTaggedScrollView" */;
			compatibilityVersion = "Xcode 3.2";
			developmentRegion = English;
			hasScannedForEncodings = 0;
			knownRegions = (
				en,
				Base,
			);
			mainGroup = C5AF81431D706A150080D319;
			productRefGroup = C5AF814D1D706A150080D319 /* Products */;
			projectDirPath = "";
			projectRoot = "";
			targets = (
				C5AF814B1D706A150080D319 /* JWTaggedScrollView */,
				C5AF81641D706A160080D319 /* JWTaggedScrollViewTests */,
				C5AF816F1D706A160080D319 /* JWTaggedScrollViewUITests */,
			);
		};
/* End PBXProject section */

/* Begin PBXResourcesBuildPhase section */
		C5AF814A1D706A150080D319 /* Resources */ = {
			isa = PBXResourcesBuildPhase;
			buildActionMask = 2147483647;
			files = (
				C5AF815F1D706A150080D319 /* LaunchScreen.storyboard in Resources */,
				C5AF815C1D706A150080D319 /* Assets.xcassets in Resources */,
				C5AF815A1D706A150080D319 /* Main.storyboard in Resources */,
			);
			runOnlyForDeploymentPostprocessing = 0;
		};
		C5AF81631D706A160080D319 /* Resources */ = {
			isa = PBXResourcesBuildPhase;
			buildActionMask = 2147483647;
			files = (
			);
			runOnlyForDeploymentPostprocessing = 0;
		};
		C5AF816E1D706A160080D319 /* Resources */ = {
			isa = PBXResourcesBuildPhase;
			buildActionMask = 2147483647;
			files = (
			);
			runOnlyForDeploymentPostprocessing = 0;
		};
/* End PBXResourcesBuildPhase section */

/* Begin PBXSourcesBuildPhase section */
		C5AF81481D706A150080D319 /* Sources */ = {
			isa = PBXSourcesBuildPhase;
			buildActionMask = 2147483647;
			files = (
				C5AF81571D706A150080D319 /* ViewController.m in Sources */,
				C5AF81541D706A150080D319 /* AppDelegate.m in Sources */,
				C5AF81881D706BA70080D319 /* JWTaggedScrollView.m in Sources */,
				C5AF81511D706A150080D319 /* main.m in Sources */,
			);
			runOnlyForDeploymentPostprocessing = 0;
		};
		C5AF81611D706A160080D319 /* Sources */ = {
			isa = PBXSourcesBuildPhase;
			buildActionMask = 2147483647;
			files = (
				C5AF816A1D706A160080D319 /* JWTaggedScrollViewTests.m in Sources */,
			);
			runOnlyForDeploymentPostprocessing = 0;
		};
		C5AF816C1D706A160080D319 /* Sources */ = {
			isa = PBXSourcesBuildPhase;
			buildActionMask = 2147483647;
			files = (
				C5AF81751D706A160080D319 /* JWTaggedScrollViewUITests.m in Sources */,
			);
			runOnlyForDeploymentPostprocessing = 0;
		};
/* End PBXSourcesBuildPhase section */

/* Begin PBXTargetDependency section */
		C5AF81671D706A160080D319 /* PBXTargetDependency */ = {
			isa = PBXTargetDependency;
			target = C5AF814B1D706A150080D319 /* JWTaggedScrollView */;
			targetProxy = C5AF81661D706A160080D319 /* PBXContainerItemProxy */;
		};
		C5AF81721D706A160080D319 /* PBXTargetDependency */ = {
			isa = PBXTargetDependency;
			target = C5AF814B1D706A150080D319 /* JWTaggedScrollView */;
			targetProxy = C5AF81711D706A160080D319 /* PBXContainerItemProxy */;
		};
/* End PBXTargetDependency section */

/* Begin PBXVariantGroup section */
		C5AF81581D706A150080D319 /* Main.storyboard */ = {
			isa = PBXVariantGroup;
			children = (
				C5AF81591D706A150080D319 /* Base */,
			);
			name = Main.storyboard;
			sourceTree = "<group>";
		};
		C5AF815D1D706A150080D319 /* LaunchScreen.storyboard */ = {
			isa = PBXVariantGroup;
			children = (
				C5AF815E1D706A150080D319 /* Base */,
			);
			name = LaunchScreen.storyboard;
			sourceTree = "<group>";
		};
/* End PBXVariantGroup section */

/* Begin XCBuildConfiguration section */
		C5AF81771D706A160080D319 /* Debug */ = {
			isa = XCBuildConfiguration;
			buildSettings = {
				ALWAYS_SEARCH_USER_PATHS = NO;
				CLANG_ANALYZER_NONNULL = YES;
				CLANG_CXX_LANGUAGE_STANDARD = "gnu++0x";
				CLANG_CXX_LIBRARY = "libc++";
				CLANG_ENABLE_MODULES = YES;
				CLANG_ENABLE_OBJC_ARC = YES;
				CLANG_WARN_BOOL_CONVERSION = YES;
				CLANG_WARN_CONSTANT_CONVERSION = YES;
				CLANG_WARN_DIRECT_OBJC_ISA_USAGE = YES_ERROR;
				CLANG_WARN_EMPTY_BODY = YES;
				CLANG_WARN_ENUM_CONVERSION = YES;
				CLANG_WARN_INT_CONVERSION = YES;
				CLANG_WARN_OBJC_ROOT_CLASS = YES_ERROR;
				CLANG_WARN_UNREACHABLE_CODE = YES;
				CLANG_WARN__DUPLICATE_METHOD_MATCH = YES;
				"CODE_SIGN_IDENTITY[sdk=iphoneos*]" = "iPhone Developer";
				COPY_PHASE_STRIP = NO;
				DEBUG_INFORMATION_FORMAT = dwarf;
				ENABLE_STRICT_OBJC_MSGSEND = YES;
				ENABLE_TESTABILITY = YES;
				GCC_C_LANGUAGE_STANDARD = gnu99;
				GCC_DYNAMIC_NO_PIC = NO;
				GCC_NO_COMMON_BLOCKS = YES;
				GCC_OPTIMIZATION_LEVEL = 0;
				GCC_PREPROCESSOR_DEFINITIONS = (
					"DEBUG=1",
					"$(inherited)",
				);
				GCC_WARN_64_TO_32_BIT_CONVERSION = YES;
				GCC_WARN_ABOUT_RETURN_TYPE = YES_ERROR;
				GCC_WARN_UNDECLARED_SELECTOR = YES;
				GCC_WARN_UNINITIALIZED_AUTOS = YES_AGGRESSIVE;
				GCC_WARN_UNUSED_FUNCTION = YES;
				GCC_WARN_UNUSED_VARIABLE = YES;
				IPHONEOS_DEPLOYMENT_TARGET = 9.3;
				MTL_ENABLE_DEBUG_INFO = YES;
				ONLY_ACTIVE_ARCH = YES;
				SDKROOT = iphoneos;
			};
			name = Debug;
		};
		C5AF81781D706A160080D319 /* Release */ = {
			isa = XCBuildConfiguration;
			buildSettings = {
				ALWAYS_SEARCH_USER_PATHS = NO;
				CLANG_ANALYZER_NONNULL = YES;
				CLANG_CXX_LANGUAGE_STANDARD = "gnu++0x";
				CLANG_CXX_LIBRARY = "libc++";
				CLANG_ENABLE_MODULES = YES;
				CLANG_ENABLE_OBJC_ARC = YES;
				CLANG_WARN_BOOL_CONVERSION = YES;
				CLANG_WARN_CONSTANT_CONVERSION = YES;
				CLANG_WARN_DIRECT_OBJC_ISA_USAGE = YES_ERROR;
				CLANG_WARN_EMPTY_BODY = YES;
				CLANG_WARN_ENUM_CONVERSION = YES;
				CLANG_WARN_INT_CONVERSION = YES;
				CLANG_WARN_OBJC_ROOT_CLASS = YES_ERROR;
				CLANG_WARN_UNREACHABLE_CODE = YES;
				CLANG_WARN__DUPLICATE_METHOD_MATCH = YES;
				"CODE_SIGN_IDENTITY[sdk=iphoneos*]" = "iPhone Developer";
				COPY_PHASE_STRIP = NO;
				DEBUG_INFORMATION_FORMAT = "dwarf-with-dsym";
				ENABLE_NS_ASSERTIONS = NO;
				ENABLE_STRICT_OBJC_MSGSEND = YES;
				GCC_C_LANGUAGE_STANDARD = gnu99;
				GCC_NO_COMMON_BLOCKS = YES;
				GCC_WARN_64_TO_32_BIT_CONVERSION = YES;
				GCC_WARN_ABOUT_RETURN_TYPE = YES_ERROR;
				GCC_WARN_UNDECLARED_SELECTOR = YES;
				GCC_WARN_UNINITIALIZED_AUTOS = YES_AGGRESSIVE;
				GCC_WARN_UNUSED_FUNCTION = YES;
				GCC_WARN_UNUSED_VARIABLE = YES;
				IPHONEOS_DEPLOYMENT_TARGET = 9.3;
				MTL_ENABLE_DEBUG_INFO = NO;
				SDKROOT = iphoneos;
				VALIDATE_PRODUCT = YES;
			};
			name = Release;
		};
		C5AF817A1D706A160080D319 /* Debug */ = {
			isa = XCBuildConfiguration;
			buildSettings = {
				ASSETCATALOG_COMPILER_APPICON_NAME = AppIcon;
				DEVELOPMENT_TEAM = JXJ9ZF6R76;
				INFOPLIST_FILE = JWTaggedScrollView/Info.plist;
				IPHONEOS_DEPLOYMENT_TARGET = 7.0;
				LD_RUNPATH_SEARCH_PATHS = "$(inherited) @executable_path/Frameworks";
				PRODUCT_BUNDLE_IDENTIFIER = first.JWTaggedScrollView;
				PRODUCT_NAME = "$(TARGET_NAME)";
			};
			name = Debug;
		};
		C5AF817B1D706A160080D319 /* Release */ = {
			isa = XCBuildConfiguration;
			buildSettings = {
				ASSETCATALOG_COMPILER_APPICON_NAME = AppIcon;
				DEVELOPMENT_TEAM = JXJ9ZF6R76;
				INFOPLIST_FILE = JWTaggedScrollView/Info.plist;
				IPHONEOS_DEPLOYMENT_TARGET = 7.0;
				LD_RUNPATH_SEARCH_PATHS = "$(inherited) @executable_path/Frameworks";
				PRODUCT_BUNDLE_IDENTIFIER = first.JWTaggedScrollView;
				PRODUCT_NAME = "$(TARGET_NAME)";
			};
			name = Release;
		};
		C5AF817D1D706A160080D319 /* Debug */ = {
			isa = XCBuildConfiguration;
			buildSettings = {
				BUNDLE_LOADER = "$(TEST_HOST)";
				INFOPLIST_FILE = JWTaggedScrollViewTests/Info.plist;
				LD_RUNPATH_SEARCH_PATHS = "$(inherited) @executable_path/Frameworks @loader_path/Frameworks";
				PRODUCT_BUNDLE_IDENTIFIER = first.JWTaggedScrollViewTests;
				PRODUCT_NAME = "$(TARGET_NAME)";
				TEST_HOST = "$(BUILT_PRODUCTS_DIR)/JWTaggedScrollView.app/JWTaggedScrollView";
			};
			name = Debug;
		};
		C5AF817E1D706A160080D319 /* Release */ = {
			isa = XCBuildConfiguration;
			buildSettings = {
				BUNDLE_LOADER = "$(TEST_HOST)";
				INFOPLIST_FILE = JWTaggedScrollViewTests/Info.plist;
				LD_RUNPATH_SEARCH_PATHS = "$(inherited) @executable_path/Frameworks @loader_path/Frameworks";
				PRODUCT_BUNDLE_IDENTIFIER = first.JWTaggedScrollViewTests;
				PRODUCT_NAME = "$(TARGET_NAME)";
				TEST_HOST = "$(BUILT_PRODUCTS_DIR)/JWTaggedScrollView.app/JWTaggedScrollView";
			};
			name = Release;
		};
		C5AF81801D706A160080D319 /* Debug */ = {
			isa = XCBuildConfiguration;
			buildSettings = {
				INFOPLIST_FILE = JWTaggedScrollViewUITests/Info.plist;
				LD_RUNPATH_SEARCH_PATHS = "$(inherited) @executable_path/Frameworks @loader_path/Frameworks";
				PRODUCT_BUNDLE_IDENTIFIER = first.JWTaggedScrollViewUITests;
				PRODUCT_NAME = "$(TARGET_NAME)";
				TEST_TARGET_NAME = JWTaggedScrollView;
			};
			name = Debug;
		};
		C5AF81811D706A160080D319 /* Release */ = {
			isa = XCBuildConfiguration;
			buildSettings = {
				INFOPLIST_FILE = JWTaggedScrollViewUITests/Info.plist;
				LD_RUNPATH_SEARCH_PATHS = "$(inherited) @executable_path/Frameworks @loader_path/Frameworks";
				PRODUCT_BUNDLE_IDENTIFIER = first.JWTaggedScrollViewUITests;
				PRODUCT_NAME = "$(TARGET_NAME)";
				TEST_TARGET_NAME = JWTaggedScrollView;
			};
			name = Release;
		};
/* End XCBuildConfiguration section */

/* Begin XCConfigurationList section */
		C5AF81471D706A150080D319 /* Build configuration list for PBXProject "JWTaggedScrollView" */ = {
			isa = XCConfigurationList;
			buildConfigurations = (
				C5AF81771D706A160080D319 /* Debug */,
				C5AF81781D706A160080D319 /* Release */,
			);
			defaultConfigurationIsVisible = 0;
			defaultConfigurationName = Release;
		};
		C5AF81791D706A160080D319 /* Build configuration list for PBXNativeTarget "JWTaggedScrollView" */ = {
			isa = XCConfigurationList;
			buildConfigurations = (
				C5AF817A1D706A160080D319 /* Debug */,
				C5AF817B1D706A160080D319 /* Release */,
			);
			defaultConfigurationIsVisible = 0;
			defaultConfigurationName = Release;
		};
		C5AF817C1D706A160080D319 /* Build configuration list for PBXNativeTarget "JWTaggedScrollViewTests" */ = {
			isa = XCConfigurationList;
			buildConfigurations = (
				C5AF817D1D706A160080D319 /* Debug */,
				C5AF817E1D706A160080D319 /* Release */,
			);
			defaultConfigurationIsVisible = 0;
			defaultConfigurationName = Release;
		};
		C5AF817F1D706A160080D319 /* Build configuration list for PBXNativeTarget "JWTaggedScrollViewUITests" */ = {
			isa = XCConfigurationList;
			buildConfigurations = (
				C5AF81801D706A160080D319 /* Debug */,
				C5AF81811D706A160080D319 /* Release */,
			);
			defaultConfigurationIsVisible = 0;
			defaultConfigurationName = Release;
		};
/* End XCConfigurationList section */
	};
	rootObject = C5AF81441D706A150080D319 /* Project object */;
}
